{
  "name": "nodemailer",
  "version": "1.0.0",
  "lockfileVersion": 2,
  "requires": true,
  "packages": {
    "": {
      "name": "nodemailer",
      "version": "1.0.0",
      "license": "ISC",
      "dependencies": {
        "@types/nodemailer": "^6.4.13",
        "nodemailer": "^6.9.6"
      }
    },
    "node_modules/@types/node": {
      "version": "20.8.7",
      "resolved": "https://registry.npmjs.org/@types/node/-/node-20.8.7.tgz",
      "integrity": "sha512-21TKHHh3eUHIi2MloeptJWALuCu5H7HQTdTrWIFReA8ad+aggoX+lRes3ex7/FtpC+sVUpFMQ+QTfYr74mruiQ==",
      "dependencies": {
        "undici-types": "~5.25.1"
      }
    },
    "node_modules/@types/nodemailer": {
      "version": "6.4.13",
      "resolved": "https://registry.npmjs.org/@types/nodemailer/-/nodemailer-6.4.13.tgz",
      "integrity": "sha512-889Vq/77eEpidCwh52sVWpbnqQmIwL8yVBekNbrztVEaWKOCRH3Eq6hjIJh1jwsGDEAJEH0RR+YhpH9mfELLKA==",
      "dependencies": {
        "@types/node": "*"
      }
    },
    "node_modules/nodemailer": {
      "version": "6.9.6",
      "resolved": "https://registry.npmjs.org/nodemailer/-/nodemailer-6.9.6.tgz",
      "integrity": "sha512-s7pDtWwe5fLMkQUhw8TkWB/wnZ7SRdd9HRZslq/s24hlZvBP3j32N/ETLmnqTpmj4xoBZL9fOWyCIZ7r2HORHg==",
      "engines": {
        "node": ">=6.0.0"
      }
    },
    "node_modules/undici-types": {
      "version": "5.25.3",
      "resolved": "https://registry.npmjs.org/undici-types/-/undici-types-5.25.3.tgz",
      "integrity": "sha512-Ga1jfYwRn7+cP9v8auvEXN1rX3sWqlayd4HP7OKk4mZWylEmu3KzXDUGrQUN6Ol7qo1gPvB2e5gX6udnyEPgdA=="
    }
  },
  "dependencies": {
    "@types/node": {
      "version": "20.8.7",
      "resolved": "https://registry.npmjs.org/@types/node/-/node-20.8.7.tgz",
      "integrity": "sha512-21TKHHh3eUHIi2MloeptJWALuCu5H7HQTdTrWIFReA8ad+aggoX+lRes3ex7/FtpC+sVUpFMQ+QTfYr74mruiQ==",
      "requires": {
        "undici-types": "~5.25.1"
      }
    },
    "@types/nodemailer": {
      "version": "6.4.13",
      "resolved": "https://registry.npmjs.org/@types/nodemailer/-/nodemailer-6.4.13.tgz",
      "integrity": "sha512-889Vq/77eEpidCwh52sVWpbnqQmIwL8yVBekNbrztVEaWKOCRH3Eq6hjIJh1jwsGDEAJEH0RR+YhpH9mfELLKA==",
      "requires": {
        "@types/node": "*"
      }
    },
    "nodemailer": {
      "version": "6.9.6",
      "resolved": "https://registry.npmjs.org/nodemailer/-/nodemailer-6.9.6.tgz",
      "integrity": "sha512-s7pDtWwe5fLMkQUhw8TkWB/wnZ7SRdd9HRZslq/s24hlZvBP3j32N/ETLmnqTpmj4xoBZL9fOWyCIZ7r2HORHg=="
    },
    "undici-types": {
      "version": "5.25.3",
      "resolved": "https://registry.npmjs.org/undici-types/-/undici-types-5.25.3.tgz",
      "integrity": "sha512-Ga1jfYwRn7+cP9v8auvEXN1rX3sWqlayd4HP7OKk4mZWylEmu3KzXDUGrQUN6Ol7qo1gPvB2e5gX6udnyEPgdA=="
    }
  }
}
